// !$*UTF8*$!
{
	archiveVersion = 1;
	classes = {
	};
	objectVersion = 46;
	objects = {

/* Begin PBXBuildFile section */
		8963096A1C7A04DA008515C9 /* CBX.xctest in Resources */ = {isa = PBXBuildFile; fileRef = 896309691C7A04DA008515C9 /* CBX.xctest */; };
		FA4272311C59671E0096C8DA /* Runner.m in Sources */ = {isa = PBXBuildFile; fileRef = FA4272301C59671E0096C8DA /* Runner.m */; };
		FA42723C1C596B910096C8DA /* XCTest.framework in Frameworks */ = {isa = PBXBuildFile; fileRef = FA42723B1C596B910096C8DA /* XCTest.framework */; };
		FA4272401C5971140096C8DA /* XCTest.framework in CopyFiles */ = {isa = PBXBuildFile; fileRef = FA42723B1C596B910096C8DA /* XCTest.framework */; settings = {ATTRIBUTES = (CodeSignOnCopy, RemoveHeadersOnCopy, ); }; };
/* End PBXBuildFile section */

/* Begin PBXCopyFilesBuildPhase section */
		FA42723F1C5971050096C8DA /* CopyFiles */ = {
			isa = PBXCopyFilesBuildPhase;
			buildActionMask = 2147483647;
			dstPath = "";
			dstSubfolderSpec = 10;
			files = (
				FA4272401C5971140096C8DA /* XCTest.framework in CopyFiles */,
			);
			runOnlyForDeploymentPostprocessing = 0;
		};
/* End PBXCopyFilesBuildPhase section */

/* Begin PBXFileReference section */
		896309691C7A04DA008515C9 /* CBX.xctest */ = {isa = PBXFileReference; lastKnownFileType = wrapper; path = CBX.xctest; sourceTree = "<group>"; };
		8963096C1C7A3BB8008515C9 /* XCUITestRunner.entitlements */ = {isa = PBXFileReference; lastKnownFileType = text.xml; path = XCUITestRunner.entitlements; sourceTree = "<group>"; };
		FA4272161C5966BB0096C8DA /* XCUITestRunner.app */ = {isa = PBXFileReference; explicitFileType = wrapper.application; includeInIndex = 0; path = XCUITestRunner.app; sourceTree = BUILT_PRODUCTS_DIR; };
		FA42722A1C5966BB0096C8DA /* Info.plist */ = {isa = PBXFileReference; lastKnownFileType = text.plist.xml; path = Info.plist; sourceTree = "<group>"; };
		FA4272301C59671E0096C8DA /* Runner.m */ = {isa = PBXFileReference; fileEncoding = 4; lastKnownFileType = sourcecode.c.objc; path = Runner.m; sourceTree = "<group>"; };
		FA4272321C5969CD0096C8DA /* xctest.h */ = {isa = PBXFileReference; lastKnownFileType = sourcecode.c.h; path = xctest.h; sourceTree = "<group>"; };
		FA4272331C596A310096C8DA /* UIKit.framework */ = {isa = PBXFileReference; lastKnownFileType = wrapper.framework; name = UIKit.framework; path = System/Library/Frameworks/UIKit.framework; sourceTree = SDKROOT; };
		FA42723B1C596B910096C8DA /* XCTest.framework */ = {isa = PBXFileReference; lastKnownFileType = wrapper.framework; name = XCTest.framework; path = ../../Library/Frameworks/XCTest.framework; sourceTree = SDKROOT; };
/* End PBXFileReference section */

/* Begin PBXFrameworksBuildPhase section */
		FA4272131C5966BB0096C8DA /* Frameworks */ = {
			isa = PBXFrameworksBuildPhase;
			buildActionMask = 2147483647;
			files = (
				FA42723C1C596B910096C8DA /* XCTest.framework in Frameworks */,
			);
			runOnlyForDeploymentPostprocessing = 0;
		};
/* End PBXFrameworksBuildPhase section */

/* Begin PBXGroup section */
		FA42720D1C5966BB0096C8DA = {
			isa = PBXGroup;
			children = (
				896309691C7A04DA008515C9 /* CBX.xctest */,
				FA42723B1C596B910096C8DA /* XCTest.framework */,
				FA4272331C596A310096C8DA /* UIKit.framework */,
				FA4272181C5966BB0096C8DA /* XCUITestRunner */,
				FA4272171C5966BB0096C8DA /* Products */,
			);
			sourceTree = "<group>";
		};
		FA4272171C5966BB0096C8DA /* Products */ = {
			isa = PBXGroup;
			children = (
				FA4272161C5966BB0096C8DA /* XCUITestRunner.app */,
			);
			name = Products;
			sourceTree = "<group>";
		};
		FA4272181C5966BB0096C8DA /* XCUITestRunner */ = {
			isa = PBXGroup;
			children = (
				8963096C1C7A3BB8008515C9 /* XCUITestRunner.entitlements */,
				FA4272321C5969CD0096C8DA /* xctest.h */,
				FA42722A1C5966BB0096C8DA /* Info.plist */,
				FA4272301C59671E0096C8DA /* Runner.m */,
			);
			path = XCUITestRunner;
			sourceTree = "<group>";
		};
/* End PBXGroup section */

/* Begin PBXNativeTarget section */
		FA4272151C5966BB0096C8DA /* XCUITestRunner */ = {
			isa = PBXNativeTarget;
			buildConfigurationList = FA42722D1C5966BB0096C8DA /* Build configuration list for PBXNativeTarget "XCUITestRunner" */;
			buildPhases = (
				FA4272121C5966BB0096C8DA /* Sources */,
				FA4272131C5966BB0096C8DA /* Frameworks */,
				FA4272141C5966BB0096C8DA /* Resources */,
				FA42723F1C5971050096C8DA /* CopyFiles */,
			);
			buildRules = (
			);
			dependencies = (
			);
			name = XCUITestRunner;
			productName = XCUITestRunner;
			productReference = FA4272161C5966BB0096C8DA /* XCUITestRunner.app */;
			productType = "com.apple.product-type.application";
		};
/* End PBXNativeTarget section */

/* Begin PBXProject section */
		FA42720E1C5966BB0096C8DA /* Project object */ = {
			isa = PBXProject;
			attributes = {
				LastUpgradeCheck = 0720;
				ORGANIZATIONNAME = Xamarin;
				TargetAttributes = {
					FA4272151C5966BB0096C8DA = {
						CreatedOnToolsVersion = 7.2;
						DevelopmentTeam = 58LM7J37Q8;
						SystemCapabilities = {
							com.apple.ApplicationGroups.iOS = {
								enabled = 0;
							};
						};
					};
				};
			};
			buildConfigurationList = FA4272111C5966BB0096C8DA /* Build configuration list for PBXProject "XCUITestRunner" */;
			compatibilityVersion = "Xcode 3.2";
			developmentRegion = English;
			hasScannedForEncodings = 0;
			knownRegions = (
				en,
				Base,
			);
			mainGroup = FA42720D1C5966BB0096C8DA;
			productRefGroup = FA4272171C5966BB0096C8DA /* Products */;
			projectDirPath = "";
			projectRoot = "";
			targets = (
				FA4272151C5966BB0096C8DA /* XCUITestRunner */,
			);
		};
/* End PBXProject section */

/* Begin PBXResourcesBuildPhase section */
		FA4272141C5966BB0096C8DA /* Resources */ = {
			isa = PBXResourcesBuildPhase;
			buildActionMask = 2147483647;
			files = (
				8963096A1C7A04DA008515C9 /* CBX.xctest in Resources */,
			);
			runOnlyForDeploymentPostprocessing = 0;
		};
/* End PBXResourcesBuildPhase section */

/* Begin PBXSourcesBuildPhase section */
		FA4272121C5966BB0096C8DA /* Sources */ = {
			isa = PBXSourcesBuildPhase;
			buildActionMask = 2147483647;
			files = (
				FA4272311C59671E0096C8DA /* Runner.m in Sources */,
			);
			runOnlyForDeploymentPostprocessing = 0;
		};
/* End PBXSourcesBuildPhase section */

/* Begin XCBuildConfiguration section */
		FA42722B1C5966BB0096C8DA /* Debug */ = {
			isa = XCBuildConfiguration;
			buildSettings = {
				ALWAYS_SEARCH_USER_PATHS = NO;
				CLANG_CXX_LANGUAGE_STANDARD = "gnu++0x";
				CLANG_CXX_LIBRARY = "libc++";
				CLANG_ENABLE_MODULES = YES;
				CLANG_ENABLE_OBJC_ARC = YES;
				CLANG_WARN_BOOL_CONVERSION = YES;
				CLANG_WARN_CONSTANT_CONVERSION = YES;
				CLANG_WARN_DIRECT_OBJC_ISA_USAGE = YES_ERROR;
				CLANG_WARN_EMPTY_BODY = YES;
				CLANG_WARN_ENUM_CONVERSION = YES;
				CLANG_WARN_INT_CONVERSION = YES;
				CLANG_WARN_OBJC_ROOT_CLASS = YES_ERROR;
				CLANG_WARN_UNREACHABLE_CODE = YES;
				CLANG_WARN__DUPLICATE_METHOD_MATCH = YES;
				"CODE_SIGN_IDENTITY[sdk=iphoneos*]" = "iPhone Developer";
				COPY_PHASE_STRIP = NO;
				DEBUG_INFORMATION_FORMAT = dwarf;
				ENABLE_STRICT_OBJC_MSGSEND = YES;
				ENABLE_TESTABILITY = YES;
				FRAMEWORK_SEARCH_PATHS = "$(SDKROOT)/../../Library/Frameworks";
				GCC_C_LANGUAGE_STANDARD = gnu99;
				GCC_DYNAMIC_NO_PIC = NO;
				GCC_NO_COMMON_BLOCKS = YES;
				GCC_OPTIMIZATION_LEVEL = 0;
				GCC_PREPROCESSOR_DEFINITIONS = (
					"DEBUG=1",
					"$(inherited)",
				);
				GCC_WARN_64_TO_32_BIT_CONVERSION = YES;
				GCC_WARN_ABOUT_RETURN_TYPE = YES_ERROR;
				GCC_WARN_UNDECLARED_SELECTOR = YES;
				GCC_WARN_UNINITIALIZED_AUTOS = YES_AGGRESSIVE;
				GCC_WARN_UNUSED_FUNCTION = YES;
				GCC_WARN_UNUSED_VARIABLE = YES;
				IPHONEOS_DEPLOYMENT_TARGET = 9.2;
				MTL_ENABLE_DEBUG_INFO = YES;
				ONLY_ACTIVE_ARCH = YES;
				SDKROOT = iphoneos;
				TARGETED_DEVICE_FAMILY = "1,2";
			};
			name = Debug;
		};
		FA42722C1C5966BB0096C8DA /* Release */ = {
			isa = XCBuildConfiguration;
			buildSettings = {
				ALWAYS_SEARCH_USER_PATHS = NO;
				CLANG_CXX_LANGUAGE_STANDARD = "gnu++0x";
				CLANG_CXX_LIBRARY = "libc++";
				CLANG_ENABLE_MODULES = YES;
				CLANG_ENABLE_OBJC_ARC = YES;
				CLANG_WARN_BOOL_CONVERSION = YES;
				CLANG_WARN_CONSTANT_CONVERSION = YES;
				CLANG_WARN_DIRECT_OBJC_ISA_USAGE = YES_ERROR;
				CLANG_WARN_EMPTY_BODY = YES;
				CLANG_WARN_ENUM_CONVERSION = YES;
				CLANG_WARN_INT_CONVERSION = YES;
				CLANG_WARN_OBJC_ROOT_CLASS = YES_ERROR;
				CLANG_WARN_UNREACHABLE_CODE = YES;
				CLANG_WARN__DUPLICATE_METHOD_MATCH = YES;
				"CODE_SIGN_IDENTITY[sdk=iphoneos*]" = "iPhone Developer";
				COPY_PHASE_STRIP = NO;
				DEBUG_INFORMATION_FORMAT = "dwarf-with-dsym";
				ENABLE_NS_ASSERTIONS = NO;
				ENABLE_STRICT_OBJC_MSGSEND = YES;
				FRAMEWORK_SEARCH_PATHS = "$(SDKROOT)/../../Library/Frameworks";
				GCC_C_LANGUAGE_STANDARD = gnu99;
				GCC_NO_COMMON_BLOCKS = YES;
				GCC_WARN_64_TO_32_BIT_CONVERSION = YES;
				GCC_WARN_ABOUT_RETURN_TYPE = YES_ERROR;
				GCC_WARN_UNDECLARED_SELECTOR = YES;
				GCC_WARN_UNINITIALIZED_AUTOS = YES_AGGRESSIVE;
				GCC_WARN_UNUSED_FUNCTION = YES;
				GCC_WARN_UNUSED_VARIABLE = YES;
				IPHONEOS_DEPLOYMENT_TARGET = 9.2;
				MTL_ENABLE_DEBUG_INFO = NO;
				SDKROOT = iphoneos;
				TARGETED_DEVICE_FAMILY = "1,2";
				VALIDATE_PRODUCT = YES;
			};
			name = Release;
		};
		FA42722E1C5966BB0096C8DA /* Debug */ = {
			isa = XCBuildConfiguration;
			buildSettings = {
				CODE_SIGN_ENTITLEMENTS = XCUITestRunner/XCUITestRunner.entitlements;
				CODE_SIGN_IDENTITY = "iPhone Developer";
				"CODE_SIGN_IDENTITY[sdk=iphoneos*]" = "iPhone Developer";
				ENABLE_BITCODE = NO;
				INFOPLIST_FILE = XCUITestRunner/Info.plist;
				IPHONEOS_DEPLOYMENT_TARGET = 9.0;
				LD_RUNPATH_SEARCH_PATHS = "$(inherited) @executable_path/Frameworks";
				PRODUCT_BUNDLE_IDENTIFIER = com.xamarin.XCUITestRunner;
				PRODUCT_NAME = "$(TARGET_NAME)";
				PROVISIONING_PROFILE = "";
			};
			name = Debug;
		};
		FA42722F1C5966BB0096C8DA /* Release */ = {
			isa = XCBuildConfiguration;
			buildSettings = {
				CODE_SIGN_ENTITLEMENTS = XCUITestRunner/XCUITestRunner.entitlements;
				CODE_SIGN_IDENTITY = "iPhone Developer";
				"CODE_SIGN_IDENTITY[sdk=iphoneos*]" = "iPhone Developer";
				ENABLE_BITCODE = NO;
				INFOPLIST_FILE = XCUITestRunner/Info.plist;
				IPHONEOS_DEPLOYMENT_TARGET = 9.0;
				LD_RUNPATH_SEARCH_PATHS = "$(inherited) @executable_path/Frameworks";
				PRODUCT_BUNDLE_IDENTIFIER = com.xamarin.XCUITestRunner;
				PRODUCT_NAME = "$(TARGET_NAME)";
				PROVISIONING_PROFILE = "";
			};
			name = Release;
		};
/* End XCBuildConfiguration section */

/* Begin XCConfigurationList section */
		FA4272111C5966BB0096C8DA /* Build configuration list for PBXProject "XCUITestRunner" */ = {
			isa = XCConfigurationList;
			buildConfigurations = (
				FA42722B1C5966BB0096C8DA /* Debug */,
				FA42722C1C5966BB0096C8DA /* Release */,
			);
			defaultConfigurationIsVisible = 0;
			defaultConfigurationName = Release;
		};
		FA42722D1C5966BB0096C8DA /* Build configuration list for PBXNativeTarget "XCUITestRunner" */ = {
			isa = XCConfigurationList;
			buildConfigurations = (
				FA42722E1C5966BB0096C8DA /* Debug */,
				FA42722F1C5966BB0096C8DA /* Release */,
			);
			defaultConfigurationIsVisible = 0;
			defaultConfigurationName = Release;
		};
/* End XCConfigurationList section */
	};
	rootObject = FA42720E1C5966BB0096C8DA /* Project object */;
}
