// !$*UTF8*$!
{
	archiveVersion = 1;
	classes = {
	};
	objectVersion = 46;
	objects = {

/* Begin PBXBuildFile section */
		898597711C732CDA0028FEEE /* main.m in Sources */ = {isa = PBXBuildFile; fileRef = 898597701C732CDA0028FEEE /* main.m */; };
		898597791C732CEF0028FEEE /* TestManagerDConnection.m in Sources */ = {isa = PBXBuildFile; fileRef = 898597781C732CEF0028FEEE /* TestManagerDConnection.m */; };
		899D2D531C73868000A40641 /* MobileDevice.framework in Frameworks */ = {isa = PBXBuildFile; fileRef = 899D2D521C73868000A40641 /* MobileDevice.framework */; };
/* End PBXBuildFile section */

/* Begin PBXCopyFilesBuildPhase section */
		8985976B1C732CDA0028FEEE /* CopyFiles */ = {
			isa = PBXCopyFilesBuildPhase;
			buildActionMask = 8;
			dstPath = "";
			dstSubfolderSpec = 10;
			files = (
			);
			runOnlyForDeploymentPostprocessing = 1;
		};
/* End PBXCopyFilesBuildPhase section */

/* Begin PBXFileReference section */
		8985976D1C732CDA0028FEEE /* XCUITestManagerDLink */ = {isa = PBXFileReference; explicitFileType = "compiled.mach-o.executable"; includeInIndex = 0; path = XCUITestManagerDLink; sourceTree = BUILT_PRODUCTS_DIR; };
		898597701C732CDA0028FEEE /* main.m */ = {isa = PBXFileReference; lastKnownFileType = sourcecode.c.objc; path = main.m; sourceTree = "<group>"; };
		898597771C732CEF0028FEEE /* TestManagerDConnection.h */ = {isa = PBXFileReference; fileEncoding = 4; lastKnownFileType = sourcecode.c.h; path = TestManagerDConnection.h; sourceTree = "<group>"; };
		898597781C732CEF0028FEEE /* TestManagerDConnection.m */ = {isa = PBXFileReference; fileEncoding = 4; lastKnownFileType = sourcecode.c.objc; path = TestManagerDConnection.m; sourceTree = "<group>"; };
		899D2D521C73868000A40641 /* MobileDevice.framework */ = {isa = PBXFileReference; lastKnownFileType = wrapper.framework; path = MobileDevice.framework; sourceTree = "<group>"; };
/* End PBXFileReference section */

/* Begin PBXFrameworksBuildPhase section */
		8985976A1C732CDA0028FEEE /* Frameworks */ = {
			isa = PBXFrameworksBuildPhase;
			buildActionMask = 2147483647;
			files = (
				899D2D531C73868000A40641 /* MobileDevice.framework in Frameworks */,
			);
			runOnlyForDeploymentPostprocessing = 0;
		};
/* End PBXFrameworksBuildPhase section */

/* Begin PBXGroup section */
		898597641C732CDA0028FEEE = {
			isa = PBXGroup;
			children = (
				899D2D461C7360A500A40641 /* Frameworks */,
				8985976F1C732CDA0028FEEE /* XCUITestManagerDLink */,
				8985976E1C732CDA0028FEEE /* Products */,
			);
			sourceTree = "<group>";
		};
		8985976E1C732CDA0028FEEE /* Products */ = {
			isa = PBXGroup;
			children = (
				8985976D1C732CDA0028FEEE /* XCUITestManagerDLink */,
			);
			name = Products;
			sourceTree = "<group>";
		};
		8985976F1C732CDA0028FEEE /* XCUITestManagerDLink */ = {
			isa = PBXGroup;
			children = (
				898597701C732CDA0028FEEE /* main.m */,
				898597771C732CEF0028FEEE /* TestManagerDConnection.h */,
				898597781C732CEF0028FEEE /* TestManagerDConnection.m */,
			);
			path = XCUITestManagerDLink;
			sourceTree = "<group>";
		};
		899D2D461C7360A500A40641 /* Frameworks */ = {
			isa = PBXGroup;
			children = (
				899D2D521C73868000A40641 /* MobileDevice.framework */,
			);
			name = Frameworks;
			sourceTree = "<group>";
		};
/* End PBXGroup section */

/* Begin PBXNativeTarget section */
		8985976C1C732CDA0028FEEE /* XCUITestManagerDLink */ = {
			isa = PBXNativeTarget;
			buildConfigurationList = 898597741C732CDA0028FEEE /* Build configuration list for PBXNativeTarget "XCUITestManagerDLink" */;
			buildPhases = (
				898597691C732CDA0028FEEE /* Sources */,
				8985976A1C732CDA0028FEEE /* Frameworks */,
				8985976B1C732CDA0028FEEE /* CopyFiles */,
			);
			buildRules = (
			);
			dependencies = (
			);
			name = XCUITestManagerDLink;
			productName = XCUITestManagerDLink;
			productReference = 8985976D1C732CDA0028FEEE /* XCUITestManagerDLink */;
			productType = "com.apple.product-type.tool";
		};
/* End PBXNativeTarget section */

/* Begin PBXProject section */
		898597651C732CDA0028FEEE /* Project object */ = {
			isa = PBXProject;
			attributes = {
				LastUpgradeCheck = 0720;
				ORGANIZATIONNAME = calabash;
				TargetAttributes = {
					8985976C1C732CDA0028FEEE = {
						CreatedOnToolsVersion = 7.2;
					};
				};
			};
			buildConfigurationList = 898597681C732CDA0028FEEE /* Build configuration list for PBXProject "XCUITestManagerDLink" */;
			compatibilityVersion = "Xcode 3.2";
			developmentRegion = English;
			hasScannedForEncodings = 0;
			knownRegions = (
				en,
			);
			mainGroup = 898597641C732CDA0028FEEE;
			productRefGroup = 8985976E1C732CDA0028FEEE /* Products */;
			projectDirPath = "";
			projectRoot = "";
			targets = (
				8985976C1C732CDA0028FEEE /* XCUITestManagerDLink */,
			);
		};
/* End PBXProject section */

/* Begin PBXSourcesBuildPhase section */
		898597691C732CDA0028FEEE /* Sources */ = {
			isa = PBXSourcesBuildPhase;
			buildActionMask = 2147483647;
			files = (
				898597791C732CEF0028FEEE /* TestManagerDConnection.m in Sources */,
				898597711C732CDA0028FEEE /* main.m in Sources */,
			);
			runOnlyForDeploymentPostprocessing = 0;
		};
/* End PBXSourcesBuildPhase section */

/* Begin XCBuildConfiguration section */
		898597721C732CDA0028FEEE /* Debug */ = {
			isa = XCBuildConfiguration;
			buildSettings = {
				ALWAYS_SEARCH_USER_PATHS = NO;
				CLANG_CXX_LANGUAGE_STANDARD = "gnu++0x";
				CLANG_CXX_LIBRARY = "libc++";
				CLANG_ENABLE_MODULES = YES;
				CLANG_ENABLE_OBJC_ARC = YES;
				CLANG_WARN_BOOL_CONVERSION = YES;
				CLANG_WARN_CONSTANT_CONVERSION = YES;
				CLANG_WARN_DIRECT_OBJC_ISA_USAGE = YES_ERROR;
				CLANG_WARN_EMPTY_BODY = YES;
				CLANG_WARN_ENUM_CONVERSION = YES;
				CLANG_WARN_INT_CONVERSION = YES;
				CLANG_WARN_OBJC_ROOT_CLASS = YES_ERROR;
				CLANG_WARN_UNREACHABLE_CODE = YES;
				CLANG_WARN__DUPLICATE_METHOD_MATCH = YES;
				CODE_SIGN_IDENTITY = "-";
				COPY_PHASE_STRIP = NO;
				DEBUG_INFORMATION_FORMAT = dwarf;
				ENABLE_STRICT_OBJC_MSGSEND = YES;
				ENABLE_TESTABILITY = YES;
				GCC_C_LANGUAGE_STANDARD = gnu99;
				GCC_DYNAMIC_NO_PIC = NO;
				GCC_NO_COMMON_BLOCKS = YES;
				GCC_OPTIMIZATION_LEVEL = 0;
				GCC_PREPROCESSOR_DEFINITIONS = (
					"DEBUG=1",
					"$(inherited)",
				);
				GCC_WARN_64_TO_32_BIT_CONVERSION = YES;
				GCC_WARN_ABOUT_RETURN_TYPE = YES_ERROR;
				GCC_WARN_UNDECLARED_SELECTOR = YES;
				GCC_WARN_UNINITIALIZED_AUTOS = YES_AGGRESSIVE;
				GCC_WARN_UNUSED_FUNCTION = YES;
				GCC_WARN_UNUSED_VARIABLE = YES;
				MACOSX_DEPLOYMENT_TARGET = 10.11;
				MTL_ENABLE_DEBUG_INFO = YES;
				ONLY_ACTIVE_ARCH = YES;
				SDKROOT = macosx;
			};
			name = Debug;
		};
		898597731C732CDA0028FEEE /* Release */ = {
			isa = XCBuildConfiguration;
			buildSettings = {
				ALWAYS_SEARCH_USER_PATHS = NO;
				CLANG_CXX_LANGUAGE_STANDARD = "gnu++0x";
				CLANG_CXX_LIBRARY = "libc++";
				CLANG_ENABLE_MODULES = YES;
				CLANG_ENABLE_OBJC_ARC = YES;
				CLANG_WARN_BOOL_CONVERSION = YES;
				CLANG_WARN_CONSTANT_CONVERSION = YES;
				CLANG_WARN_DIRECT_OBJC_ISA_USAGE = YES_ERROR;
				CLANG_WARN_EMPTY_BODY = YES;
				CLANG_WARN_ENUM_CONVERSION = YES;
				CLANG_WARN_INT_CONVERSION = YES;
				CLANG_WARN_OBJC_ROOT_CLASS = YES_ERROR;
				CLANG_WARN_UNREACHABLE_CODE = YES;
				CLANG_WARN__DUPLICATE_METHOD_MATCH = YES;
				CODE_SIGN_IDENTITY = "-";
				COPY_PHASE_STRIP = NO;
				DEBUG_INFORMATION_FORMAT = "dwarf-with-dsym";
				ENABLE_NS_ASSERTIONS = NO;
				ENABLE_STRICT_OBJC_MSGSEND = YES;
				GCC_C_LANGUAGE_STANDARD = gnu99;
				GCC_NO_COMMON_BLOCKS = YES;
				GCC_WARN_64_TO_32_BIT_CONVERSION = YES;
				GCC_WARN_ABOUT_RETURN_TYPE = YES_ERROR;
				GCC_WARN_UNDECLARED_SELECTOR = YES;
				GCC_WARN_UNINITIALIZED_AUTOS = YES_AGGRESSIVE;
				GCC_WARN_UNUSED_FUNCTION = YES;
				GCC_WARN_UNUSED_VARIABLE = YES;
				MACOSX_DEPLOYMENT_TARGET = 10.11;
				MTL_ENABLE_DEBUG_INFO = NO;
				SDKROOT = macosx;
			};
			name = Release;
		};
		898597751C732CDA0028FEEE /* Debug */ = {
			isa = XCBuildConfiguration;
			buildSettings = {
				FRAMEWORK_SEARCH_PATHS = (
					"$(inherited)",
					"$(PROJECT_DIR)/**",
					"$(PROJECT_DIR)",
				);
				LD_RUNPATH_SEARCH_PATHS = "@loader_path/Frameworks";
				LIBRARY_SEARCH_PATHS = "";
				OTHER_LDFLAGS = "";
				PRODUCT_NAME = "$(TARGET_NAME)";
				VALID_ARCHS = "i386 x86_64";
			};
			name = Debug;
		};
		898597761C732CDA0028FEEE /* Release */ = {
			isa = XCBuildConfiguration;
			buildSettings = {
				FRAMEWORK_SEARCH_PATHS = (
					"$(inherited)",
					"$(PROJECT_DIR)/**",
					"$(PROJECT_DIR)",
				);
				LD_RUNPATH_SEARCH_PATHS = "@loader_path/Frameworks";
				LIBRARY_SEARCH_PATHS = "";
				OTHER_LDFLAGS = "";
				PRODUCT_NAME = "$(TARGET_NAME)";
				VALID_ARCHS = "i386 x86_64";
			};
			name = Release;
		};
/* End XCBuildConfiguration section */

/* Begin XCConfigurationList section */
		898597681C732CDA0028FEEE /* Build configuration list for PBXProject "XCUITestManagerDLink" */ = {
			isa = XCConfigurationList;
			buildConfigurations = (
				898597721C732CDA0028FEEE /* Debug */,
				898597731C732CDA0028FEEE /* Release */,
			);
			defaultConfigurationIsVisible = 0;
			defaultConfigurationName = Release;
		};
		898597741C732CDA0028FEEE /* Build configuration list for PBXNativeTarget "XCUITestManagerDLink" */ = {
			isa = XCConfigurationList;
			buildConfigurations = (
				898597751C732CDA0028FEEE /* Debug */,
				898597761C732CDA0028FEEE /* Release */,
			);
			defaultConfigurationIsVisible = 0;
			defaultConfigurationName = Release;
		};
/* End XCConfigurationList section */
	};
	rootObject = 898597651C732CDA0028FEEE /* Project object */;
}
